// !$*UTF8*$!
{
	archiveVersion = 1;
	classes = {
	};
	objectVersion = 51;
	objects = {

/* Begin PBXBuildFile section */
		4F182CEBFEA24F1ADFE9D588 /* Pods_RxSwiftQuizTests.framework in Frameworks */ = {isa = PBXBuildFile; fileRef = A707A94F2C729E19C171C996 /* Pods_RxSwiftQuizTests.framework */; };
		5C1C3F7E2695663100878F17 /* Basic_FlatMap.swift in Sources */ = {isa = PBXBuildFile; fileRef = 5C1C3F7D2695663100878F17 /* Basic_FlatMap.swift */; };
		5C8B9E36269553EC00A0C48B /* AppDelegate.swift in Sources */ = {isa = PBXBuildFile; fileRef = 5C8B9E35269553EC00A0C48B /* AppDelegate.swift */; };
		5C8B9E38269553EC00A0C48B /* ViewController.swift in Sources */ = {isa = PBXBuildFile; fileRef = 5C8B9E37269553EC00A0C48B /* ViewController.swift */; };
		5C8B9E3A269553ED00A0C48B /* Assets.xcassets in Resources */ = {isa = PBXBuildFile; fileRef = 5C8B9E39269553ED00A0C48B /* Assets.xcassets */; };
		5C8B9E3D269553ED00A0C48B /* Main.storyboard in Resources */ = {isa = PBXBuildFile; fileRef = 5C8B9E3B269553ED00A0C48B /* Main.storyboard */; };
		5C8B9E49269553ED00A0C48B /* Basic_1.swift in Sources */ = {isa = PBXBuildFile; fileRef = 5C8B9E48269553ED00A0C48B /* Basic_1.swift */; };
		FD691F4C3E920CE777BDC77D /* Pods_RxSwiftQuiz.framework in Frameworks */ = {isa = PBXBuildFile; fileRef = 9EA88EA8C4917E874D0D5A47 /* Pods_RxSwiftQuiz.framework */; };
/* End PBXBuildFile section */

/* Begin PBXContainerItemProxy section */
		5C8B9E45269553ED00A0C48B /* PBXContainerItemProxy */ = {
			isa = PBXContainerItemProxy;
			containerPortal = 5C8B9E2A269553EC00A0C48B /* Project object */;
			proxyType = 1;
			remoteGlobalIDString = 5C8B9E31269553EC00A0C48B;
			remoteInfo = RxSwiftQuiz;
		};
/* End PBXContainerItemProxy section */

/* Begin PBXFileReference section */
		2B32E06E03FC89C7DF194D80 /* Pods-RxSwiftQuiz.release.xcconfig */ = {isa = PBXFileReference; includeInIndex = 1; lastKnownFileType = text.xcconfig; name = "Pods-RxSwiftQuiz.release.xcconfig"; path = "Target Support Files/Pods-RxSwiftQuiz/Pods-RxSwiftQuiz.release.xcconfig"; sourceTree = "<group>"; };
		5C1C3F7D2695663100878F17 /* Basic_FlatMap.swift */ = {isa = PBXFileReference; lastKnownFileType = sourcecode.swift; path = Basic_FlatMap.swift; sourceTree = "<group>"; };
		5C8B9E32269553EC00A0C48B /* RxSwiftQuiz.app */ = {isa = PBXFileReference; explicitFileType = wrapper.application; includeInIndex = 0; path = RxSwiftQuiz.app; sourceTree = BUILT_PRODUCTS_DIR; };
		5C8B9E35269553EC00A0C48B /* AppDelegate.swift */ = {isa = PBXFileReference; lastKnownFileType = sourcecode.swift; path = AppDelegate.swift; sourceTree = "<group>"; };
		5C8B9E37269553EC00A0C48B /* ViewController.swift */ = {isa = PBXFileReference; lastKnownFileType = sourcecode.swift; path = ViewController.swift; sourceTree = "<group>"; };
		5C8B9E39269553ED00A0C48B /* Assets.xcassets */ = {isa = PBXFileReference; lastKnownFileType = folder.assetcatalog; path = Assets.xcassets; sourceTree = "<group>"; };
		5C8B9E3C269553ED00A0C48B /* Base */ = {isa = PBXFileReference; lastKnownFileType = file.storyboard; name = Base; path = Base.lproj/Main.storyboard; sourceTree = "<group>"; };
		5C8B9E3E269553ED00A0C48B /* Info.plist */ = {isa = PBXFileReference; lastKnownFileType = text.plist.xml; path = Info.plist; sourceTree = "<group>"; };
		5C8B9E3F269553ED00A0C48B /* RxSwiftQuiz.entitlements */ = {isa = PBXFileReference; lastKnownFileType = text.plist.entitlements; path = RxSwiftQuiz.entitlements; sourceTree = "<group>"; };
		5C8B9E44269553ED00A0C48B /* RxSwiftQuizTests.xctest */ = {isa = PBXFileReference; explicitFileType = wrapper.cfbundle; includeInIndex = 0; path = RxSwiftQuizTests.xctest; sourceTree = BUILT_PRODUCTS_DIR; };
		5C8B9E48269553ED00A0C48B /* Basic_1.swift */ = {isa = PBXFileReference; lastKnownFileType = sourcecode.swift; path = Basic_1.swift; sourceTree = "<group>"; };
		5C8B9E4A269553ED00A0C48B /* Info.plist */ = {isa = PBXFileReference; lastKnownFileType = text.plist.xml; path = Info.plist; sourceTree = "<group>"; };
		5C8B9E622695549000A0C48B /* RxTest.xcframework */ = {isa = PBXFileReference; lastKnownFileType = wrapper.xcframework; name = RxTest.xcframework; path = Carthage/Build/RxTest.xcframework; sourceTree = "<group>"; };
		5C8B9E632695549000A0C48B /* RxBlocking.xcframework */ = {isa = PBXFileReference; lastKnownFileType = wrapper.xcframework; name = RxBlocking.xcframework; path = Carthage/Build/RxBlocking.xcframework; sourceTree = "<group>"; };
		5C8B9E642695549000A0C48B /* RxCocoa.xcframework */ = {isa = PBXFileReference; lastKnownFileType = wrapper.xcframework; name = RxCocoa.xcframework; path = Carthage/Build/RxCocoa.xcframework; sourceTree = "<group>"; };
		5C8B9E652695549000A0C48B /* RxRelay.xcframework */ = {isa = PBXFileReference; lastKnownFileType = wrapper.xcframework; name = RxRelay.xcframework; path = Carthage/Build/RxRelay.xcframework; sourceTree = "<group>"; };
		5C8B9E662695549000A0C48B /* RxSwift.xcframework */ = {isa = PBXFileReference; lastKnownFileType = wrapper.xcframework; name = RxSwift.xcframework; path = Carthage/Build/RxSwift.xcframework; sourceTree = "<group>"; };
		755FF35B6E48696555A8BA0A /* Pods-RxSwiftQuiz.debug.xcconfig */ = {isa = PBXFileReference; includeInIndex = 1; lastKnownFileType = text.xcconfig; name = "Pods-RxSwiftQuiz.debug.xcconfig"; path = "Target Support Files/Pods-RxSwiftQuiz/Pods-RxSwiftQuiz.debug.xcconfig"; sourceTree = "<group>"; };
		9061AAF619F4FD13FF28EF0C /* Pods-RxSwiftQuizTests.debug.xcconfig */ = {isa = PBXFileReference; includeInIndex = 1; lastKnownFileType = text.xcconfig; name = "Pods-RxSwiftQuizTests.debug.xcconfig"; path = "Target Support Files/Pods-RxSwiftQuizTests/Pods-RxSwiftQuizTests.debug.xcconfig"; sourceTree = "<group>"; };
		9EA88EA8C4917E874D0D5A47 /* Pods_RxSwiftQuiz.framework */ = {isa = PBXFileReference; explicitFileType = wrapper.framework; includeInIndex = 0; path = Pods_RxSwiftQuiz.framework; sourceTree = BUILT_PRODUCTS_DIR; };
		A223B68F532801923643C90E /* Pods-RxSwiftQuizTests.release.xcconfig */ = {isa = PBXFileReference; includeInIndex = 1; lastKnownFileType = text.xcconfig; name = "Pods-RxSwiftQuizTests.release.xcconfig"; path = "Target Support Files/Pods-RxSwiftQuizTests/Pods-RxSwiftQuizTests.release.xcconfig"; sourceTree = "<group>"; };
		A707A94F2C729E19C171C996 /* Pods_RxSwiftQuizTests.framework */ = {isa = PBXFileReference; explicitFileType = wrapper.framework; includeInIndex = 0; path = Pods_RxSwiftQuizTests.framework; sourceTree = BUILT_PRODUCTS_DIR; };
/* End PBXFileReference section */

/* Begin PBXFrameworksBuildPhase section */
		5C8B9E2F269553EC00A0C48B /* Frameworks */ = {
			isa = PBXFrameworksBuildPhase;
			buildActionMask = 2147483647;
			files = (
				FD691F4C3E920CE777BDC77D /* Pods_RxSwiftQuiz.framework in Frameworks */,
			);
			runOnlyForDeploymentPostprocessing = 0;
		};
		5C8B9E41269553ED00A0C48B /* Frameworks */ = {
			isa = PBXFrameworksBuildPhase;
			buildActionMask = 2147483647;
			files = (
				4F182CEBFEA24F1ADFE9D588 /* Pods_RxSwiftQuizTests.framework in Frameworks */,
			);
			runOnlyForDeploymentPostprocessing = 0;
		};
/* End PBXFrameworksBuildPhase section */

/* Begin PBXGroup section */
		5C8B9E29269553EC00A0C48B = {
			isa = PBXGroup;
			children = (
				5C8B9E34269553EC00A0C48B /* RxSwiftQuiz */,
				5C8B9E47269553ED00A0C48B /* RxSwiftQuizTests */,
				5C8B9E33269553EC00A0C48B /* Products */,
				5C8B9E612695549000A0C48B /* Frameworks */,
				D7E71FD675AFE532AD94CD64 /* Pods */,
			);
			sourceTree = "<group>";
		};
		5C8B9E33269553EC00A0C48B /* Products */ = {
			isa = PBXGroup;
			children = (
				5C8B9E32269553EC00A0C48B /* RxSwiftQuiz.app */,
				5C8B9E44269553ED00A0C48B /* RxSwiftQuizTests.xctest */,
			);
			name = Products;
			sourceTree = "<group>";
		};
		5C8B9E34269553EC00A0C48B /* RxSwiftQuiz */ = {
			isa = PBXGroup;
			children = (
				5C8B9E35269553EC00A0C48B /* AppDelegate.swift */,
				5C8B9E37269553EC00A0C48B /* ViewController.swift */,
				5C8B9E39269553ED00A0C48B /* Assets.xcassets */,
				5C8B9E3B269553ED00A0C48B /* Main.storyboard */,
				5C8B9E3E269553ED00A0C48B /* Info.plist */,
				5C8B9E3F269553ED00A0C48B /* RxSwiftQuiz.entitlements */,
			);
			path = RxSwiftQuiz;
			sourceTree = "<group>";
		};
		5C8B9E47269553ED00A0C48B /* RxSwiftQuizTests */ = {
			isa = PBXGroup;
			children = (
				5C8B9E48269553ED00A0C48B /* Basic_1.swift */,
				5C1C3F7D2695663100878F17 /* Basic_FlatMap.swift */,
				5C8B9E4A269553ED00A0C48B /* Info.plist */,
			);
			path = RxSwiftQuizTests;
			sourceTree = "<group>";
		};
		5C8B9E612695549000A0C48B /* Frameworks */ = {
			isa = PBXGroup;
			children = (
				5C8B9E632695549000A0C48B /* RxBlocking.xcframework */,
				5C8B9E642695549000A0C48B /* RxCocoa.xcframework */,
				5C8B9E652695549000A0C48B /* RxRelay.xcframework */,
				5C8B9E662695549000A0C48B /* RxSwift.xcframework */,
				5C8B9E622695549000A0C48B /* RxTest.xcframework */,
				9EA88EA8C4917E874D0D5A47 /* Pods_RxSwiftQuiz.framework */,
				A707A94F2C729E19C171C996 /* Pods_RxSwiftQuizTests.framework */,
			);
			name = Frameworks;
			sourceTree = "<group>";
		};
		D7E71FD675AFE532AD94CD64 /* Pods */ = {
			isa = PBXGroup;
			children = (
				755FF35B6E48696555A8BA0A /* Pods-RxSwiftQuiz.debug.xcconfig */,
				2B32E06E03FC89C7DF194D80 /* Pods-RxSwiftQuiz.release.xcconfig */,
				9061AAF619F4FD13FF28EF0C /* Pods-RxSwiftQuizTests.debug.xcconfig */,
				A223B68F532801923643C90E /* Pods-RxSwiftQuizTests.release.xcconfig */,
			);
			path = Pods;
			sourceTree = "<group>";
		};
/* End PBXGroup section */

/* Begin PBXNativeTarget section */
		5C8B9E31269553EC00A0C48B /* RxSwiftQuiz */ = {
			isa = PBXNativeTarget;
			buildConfigurationList = 5C8B9E58269553ED00A0C48B /* Build configuration list for PBXNativeTarget "RxSwiftQuiz" */;
			buildPhases = (
				0F39440E49796FFDB79F717D /* [CP] Check Pods Manifest.lock */,
				5C8B9E2E269553EC00A0C48B /* Sources */,
				5C8B9E2F269553EC00A0C48B /* Frameworks */,
				5C8B9E30269553EC00A0C48B /* Resources */,
				902B88F94747E09DD8A964C0 /* [CP] Embed Pods Frameworks */,
			);
			buildRules = (
			);
			dependencies = (
			);
			name = RxSwiftQuiz;
			productName = RxSwiftQuiz;
			productReference = 5C8B9E32269553EC00A0C48B /* RxSwiftQuiz.app */;
			productType = "com.apple.product-type.application";
		};
		5C8B9E43269553ED00A0C48B /* RxSwiftQuizTests */ = {
			isa = PBXNativeTarget;
			buildConfigurationList = 5C8B9E5B269553ED00A0C48B /* Build configuration list for PBXNativeTarget "RxSwiftQuizTests" */;
			buildPhases = (
				8DD676C9E7A501E1D46049B0 /* [CP] Check Pods Manifest.lock */,
				5C8B9E40269553ED00A0C48B /* Sources */,
				5C8B9E41269553ED00A0C48B /* Frameworks */,
				5C8B9E42269553ED00A0C48B /* Resources */,
				C41ADD9B2CDC20D2917F3440 /* [CP] Embed Pods Frameworks */,
			);
			buildRules = (
			);
			dependencies = (
				5C8B9E46269553ED00A0C48B /* PBXTargetDependency */,
			);
			name = RxSwiftQuizTests;
			productName = RxSwiftQuizTests;
			productReference = 5C8B9E44269553ED00A0C48B /* RxSwiftQuizTests.xctest */;
			productType = "com.apple.product-type.bundle.unit-test";
		};
/* End PBXNativeTarget section */

/* Begin PBXProject section */
		5C8B9E2A269553EC00A0C48B /* Project object */ = {
			isa = PBXProject;
			attributes = {
				LastSwiftUpdateCheck = 1250;
				LastUpgradeCheck = 1250;
				TargetAttributes = {
					5C8B9E31269553EC00A0C48B = {
						CreatedOnToolsVersion = 12.5.1;
					};
					5C8B9E43269553ED00A0C48B = {
						CreatedOnToolsVersion = 12.5.1;
						TestTargetID = 5C8B9E31269553EC00A0C48B;
					};
				};
			};
			buildConfigurationList = 5C8B9E2D269553EC00A0C48B /* Build configuration list for PBXProject "RxSwiftQuiz" */;
			compatibilityVersion = "Xcode 9.3";
			developmentRegion = en;
			hasScannedForEncodings = 0;
			knownRegions = (
				en,
				Base,
			);
			mainGroup = 5C8B9E29269553EC00A0C48B;
			productRefGroup = 5C8B9E33269553EC00A0C48B /* Products */;
			projectDirPath = "";
			projectRoot = "";
			targets = (
				5C8B9E31269553EC00A0C48B /* RxSwiftQuiz */,
				5C8B9E43269553ED00A0C48B /* RxSwiftQuizTests */,
			);
		};
/* End PBXProject section */

/* Begin PBXResourcesBuildPhase section */
		5C8B9E30269553EC00A0C48B /* Resources */ = {
			isa = PBXResourcesBuildPhase;
			buildActionMask = 2147483647;
			files = (
				5C8B9E3A269553ED00A0C48B /* Assets.xcassets in Resources */,
				5C8B9E3D269553ED00A0C48B /* Main.storyboard in Resources */,
			);
			runOnlyForDeploymentPostprocessing = 0;
		};
		5C8B9E42269553ED00A0C48B /* Resources */ = {
			isa = PBXResourcesBuildPhase;
			buildActionMask = 2147483647;
			files = (
			);
			runOnlyForDeploymentPostprocessing = 0;
		};
/* End PBXResourcesBuildPhase section */

/* Begin PBXShellScriptBuildPhase section */
		0F39440E49796FFDB79F717D /* [CP] Check Pods Manifest.lock */ = {
			isa = PBXShellScriptBuildPhase;
			buildActionMask = 2147483647;
			files = (
			);
			inputFileListPaths = (
			);
			inputPaths = (
				"${PODS_PODFILE_DIR_PATH}/Podfile.lock",
				"${PODS_ROOT}/Manifest.lock",
			);
			name = "[CP] Check Pods Manifest.lock";
			outputFileListPaths = (
			);
			outputPaths = (
				"$(DERIVED_FILE_DIR)/Pods-RxSwiftQuiz-checkManifestLockResult.txt",
			);
			runOnlyForDeploymentPostprocessing = 0;
			shellPath = /bin/sh;
			shellScript = "diff \"${PODS_PODFILE_DIR_PATH}/Podfile.lock\" \"${PODS_ROOT}/Manifest.lock\" > /dev/null\nif [ $? != 0 ] ; then\n    # print error to STDERR\n    echo \"error: The sandbox is not in sync with the Podfile.lock. Run 'pod install' or update your CocoaPods installation.\" >&2\n    exit 1\nfi\n# This output is used by Xcode 'outputs' to avoid re-running this script phase.\necho \"SUCCESS\" > \"${SCRIPT_OUTPUT_FILE_0}\"\n";
			showEnvVarsInLog = 0;
		};
		8DD676C9E7A501E1D46049B0 /* [CP] Check Pods Manifest.lock */ = {
			isa = PBXShellScriptBuildPhase;
			buildActionMask = 2147483647;
			files = (
			);
			inputFileListPaths = (
			);
			inputPaths = (
				"${PODS_PODFILE_DIR_PATH}/Podfile.lock",
				"${PODS_ROOT}/Manifest.lock",
			);
			name = "[CP] Check Pods Manifest.lock";
			outputFileListPaths = (
			);
			outputPaths = (
				"$(DERIVED_FILE_DIR)/Pods-RxSwiftQuizTests-checkManifestLockResult.txt",
			);
			runOnlyForDeploymentPostprocessing = 0;
			shellPath = /bin/sh;
			shellScript = "diff \"${PODS_PODFILE_DIR_PATH}/Podfile.lock\" \"${PODS_ROOT}/Manifest.lock\" > /dev/null\nif [ $? != 0 ] ; then\n    # print error to STDERR\n    echo \"error: The sandbox is not in sync with the Podfile.lock. Run 'pod install' or update your CocoaPods installation.\" >&2\n    exit 1\nfi\n# This output is used by Xcode 'outputs' to avoid re-running this script phase.\necho \"SUCCESS\" > \"${SCRIPT_OUTPUT_FILE_0}\"\n";
			showEnvVarsInLog = 0;
		};
		902B88F94747E09DD8A964C0 /* [CP] Embed Pods Frameworks */ = {
			isa = PBXShellScriptBuildPhase;
			buildActionMask = 2147483647;
			files = (
			);
			inputFileListPaths = (
				"${PODS_ROOT}/Target Support Files/Pods-RxSwiftQuiz/Pods-RxSwiftQuiz-frameworks-${CONFIGURATION}-input-files.xcfilelist",
			);
			name = "[CP] Embed Pods Frameworks";
			outputFileListPaths = (
				"${PODS_ROOT}/Target Support Files/Pods-RxSwiftQuiz/Pods-RxSwiftQuiz-frameworks-${CONFIGURATION}-output-files.xcfilelist",
			);
			runOnlyForDeploymentPostprocessing = 0;
			shellPath = /bin/sh;
			shellScript = "\"${PODS_ROOT}/Target Support Files/Pods-RxSwiftQuiz/Pods-RxSwiftQuiz-frameworks.sh\"\n";
			showEnvVarsInLog = 0;
		};
		C41ADD9B2CDC20D2917F3440 /* [CP] Embed Pods Frameworks */ = {
			isa = PBXShellScriptBuildPhase;
			buildActionMask = 2147483647;
			files = (
			);
			inputFileListPaths = (
				"${PODS_ROOT}/Target Support Files/Pods-RxSwiftQuizTests/Pods-RxSwiftQuizTests-frameworks-${CONFIGURATION}-input-files.xcfilelist",
			);
			name = "[CP] Embed Pods Frameworks";
			outputFileListPaths = (
				"${PODS_ROOT}/Target Support Files/Pods-RxSwiftQuizTests/Pods-RxSwiftQuizTests-frameworks-${CONFIGURATION}-output-files.xcfilelist",
			);
			runOnlyForDeploymentPostprocessing = 0;
			shellPath = /bin/sh;
			shellScript = "\"${PODS_ROOT}/Target Support Files/Pods-RxSwiftQuizTests/Pods-RxSwiftQuizTests-frameworks.sh\"\n";
			showEnvVarsInLog = 0;
		};
/* End PBXShellScriptBuildPhase section */

/* Begin PBXSourcesBuildPhase section */
		5C8B9E2E269553EC00A0C48B /* Sources */ = {
			isa = PBXSourcesBuildPhase;
			buildActionMask = 2147483647;
			files = (
				5C8B9E38269553EC00A0C48B /* ViewController.swift in Sources */,
				5C8B9E36269553EC00A0C48B /* AppDelegate.swift in Sources */,
			);
			runOnlyForDeploymentPostprocessing = 0;
		};
		5C8B9E40269553ED00A0C48B /* Sources */ = {
			isa = PBXSourcesBuildPhase;
			buildActionMask = 2147483647;
			files = (
				5C8B9E49269553ED00A0C48B /* Basic_1.swift in Sources */,
				5C1C3F7E2695663100878F17 /* Basic_FlatMap.swift in Sources */,
			);
			runOnlyForDeploymentPostprocessing = 0;
		};
/* End PBXSourcesBuildPhase section */

/* Begin PBXTargetDependency section */
		5C8B9E46269553ED00A0C48B /* PBXTargetDependency */ = {
			isa = PBXTargetDependency;
			target = 5C8B9E31269553EC00A0C48B /* RxSwiftQuiz */;
			targetProxy = 5C8B9E45269553ED00A0C48B /* PBXContainerItemProxy */;
		};
/* End PBXTargetDependency section */

/* Begin PBXVariantGroup section */
		5C8B9E3B269553ED00A0C48B /* Main.storyboard */ = {
			isa = PBXVariantGroup;
			children = (
				5C8B9E3C269553ED00A0C48B /* Base */,
			);
			name = Main.storyboard;
			sourceTree = "<group>";
		};
/* End PBXVariantGroup section */

/* Begin XCBuildConfiguration section */
		5C8B9E56269553ED00A0C48B /* Debug */ = {
			isa = XCBuildConfiguration;
			buildSettings = {
				ALWAYS_SEARCH_USER_PATHS = NO;
				CLANG_ANALYZER_NONNULL = YES;
				CLANG_ANALYZER_NUMBER_OBJECT_CONVERSION = YES_AGGRESSIVE;
				CLANG_CXX_LANGUAGE_STANDARD = "gnu++14";
				CLANG_CXX_LIBRARY = "libc++";
				CLANG_ENABLE_MODULES = YES;
				CLANG_ENABLE_OBJC_ARC = YES;
				CLANG_ENABLE_OBJC_WEAK = YES;
				CLANG_WARN_BLOCK_CAPTURE_AUTORELEASING = YES;
				CLANG_WARN_BOOL_CONVERSION = YES;
				CLANG_WARN_COMMA = YES;
				CLANG_WARN_CONSTANT_CONVERSION = YES;
				CLANG_WARN_DEPRECATED_OBJC_IMPLEMENTATIONS = YES;
				CLANG_WARN_DIRECT_OBJC_ISA_USAGE = YES_ERROR;
				CLANG_WARN_DOCUMENTATION_COMMENTS = YES;
				CLANG_WARN_EMPTY_BODY = YES;
				CLANG_WARN_ENUM_CONVERSION = YES;
				CLANG_WARN_INFINITE_RECURSION = YES;
				CLANG_WARN_INT_CONVERSION = YES;
				CLANG_WARN_NON_LITERAL_NULL_CONVERSION = YES;
				CLANG_WARN_OBJC_IMPLICIT_RETAIN_SELF = YES;
				CLANG_WARN_OBJC_LITERAL_CONVERSION = YES;
				CLANG_WARN_OBJC_ROOT_CLASS = YES_ERROR;
				CLANG_WARN_QUOTED_INCLUDE_IN_FRAMEWORK_HEADER = YES;
				CLANG_WARN_RANGE_LOOP_ANALYSIS = YES;
				CLANG_WARN_STRICT_PROTOTYPES = YES;
				CLANG_WARN_SUSPICIOUS_MOVE = YES;
				CLANG_WARN_UNGUARDED_AVAILABILITY = YES_AGGRESSIVE;
				CLANG_WARN_UNREACHABLE_CODE = YES;
				CLANG_WARN__DUPLICATE_METHOD_MATCH = YES;
				COPY_PHASE_STRIP = NO;
				DEBUG_INFORMATION_FORMAT = dwarf;
				ENABLE_STRICT_OBJC_MSGSEND = YES;
				ENABLE_TESTABILITY = YES;
				GCC_C_LANGUAGE_STANDARD = gnu11;
				GCC_DYNAMIC_NO_PIC = NO;
				GCC_NO_COMMON_BLOCKS = YES;
				GCC_OPTIMIZATION_LEVEL = 0;
				GCC_PREPROCESSOR_DEFINITIONS = (
					"DEBUG=1",
					"$(inherited)",
				);
				GCC_WARN_64_TO_32_BIT_CONVERSION = YES;
				GCC_WARN_ABOUT_RETURN_TYPE = YES_ERROR;
				GCC_WARN_UNDECLARED_SELECTOR = YES;
				GCC_WARN_UNINITIALIZED_AUTOS = YES_AGGRESSIVE;
				GCC_WARN_UNUSED_FUNCTION = YES;
				GCC_WARN_UNUSED_VARIABLE = YES;
				MACOSX_DEPLOYMENT_TARGET = 11.3;
				MTL_ENABLE_DEBUG_INFO = INCLUDE_SOURCE;
				MTL_FAST_MATH = YES;
				ONLY_ACTIVE_ARCH = YES;
				SDKROOT = macosx;
				SWIFT_ACTIVE_COMPILATION_CONDITIONS = DEBUG;
				SWIFT_OPTIMIZATION_LEVEL = "-Onone";
			};
			name = Debug;
		};
		5C8B9E57269553ED00A0C48B /* Release */ = {
			isa = XCBuildConfiguration;
			buildSettings = {
				ALWAYS_SEARCH_USER_PATHS = NO;
				CLANG_ANALYZER_NONNULL = YES;
				CLANG_ANALYZER_NUMBER_OBJECT_CONVERSION = YES_AGGRESSIVE;
				CLANG_CXX_LANGUAGE_STANDARD = "gnu++14";
				CLANG_CXX_LIBRARY = "libc++";
				CLANG_ENABLE_MODULES = YES;
				CLANG_ENABLE_OBJC_ARC = YES;
				CLANG_ENABLE_OBJC_WEAK = YES;
				CLANG_WARN_BLOCK_CAPTURE_AUTORELEASING = YES;
				CLANG_WARN_BOOL_CONVERSION = YES;
				CLANG_WARN_COMMA = YES;
				CLANG_WARN_CONSTANT_CONVERSION = YES;
				CLANG_WARN_DEPRECATED_OBJC_IMPLEMENTATIONS = YES;
				CLANG_WARN_DIRECT_OBJC_ISA_USAGE = YES_ERROR;
				CLANG_WARN_DOCUMENTATION_COMMENTS = YES;
				CLANG_WARN_EMPTY_BODY = YES;
				CLANG_WARN_ENUM_CONVERSION = YES;
				CLANG_WARN_INFINITE_RECURSION = YES;
				CLANG_WARN_INT_CONVERSION = YES;
				CLANG_WARN_NON_LITERAL_NULL_CONVERSION = YES;
				CLANG_WARN_OBJC_IMPLICIT_RETAIN_SELF = YES;
				CLANG_WARN_OBJC_LITERAL_CONVERSION = YES;
				CLANG_WARN_OBJC_ROOT_CLASS = YES_ERROR;
				CLANG_WARN_QUOTED_INCLUDE_IN_FRAMEWORK_HEADER = YES;
				CLANG_WARN_RANGE_LOOP_ANALYSIS = YES;
				CLANG_WARN_STRICT_PROTOTYPES = YES;
				CLANG_WARN_SUSPICIOUS_MOVE = YES;
				CLANG_WARN_UNGUARDED_AVAILABILITY = YES_AGGRESSIVE;
				CLANG_WARN_UNREACHABLE_CODE = YES;
				CLANG_WARN__DUPLICATE_METHOD_MATCH = YES;
				COPY_PHASE_STRIP = NO;
				DEBUG_INFORMATION_FORMAT = "dwarf-with-dsym";
				ENABLE_NS_ASSERTIONS = NO;
				ENABLE_STRICT_OBJC_MSGSEND = YES;
				GCC_C_LANGUAGE_STANDARD = gnu11;
				GCC_NO_COMMON_BLOCKS = YES;
				GCC_WARN_64_TO_32_BIT_CONVERSION = YES;
				GCC_WARN_ABOUT_RETURN_TYPE = YES_ERROR;
				GCC_WARN_UNDECLARED_SELECTOR = YES;
				GCC_WARN_UNINITIALIZED_AUTOS = YES_AGGRESSIVE;
				GCC_WARN_UNUSED_FUNCTION = YES;
				GCC_WARN_UNUSED_VARIABLE = YES;
				MACOSX_DEPLOYMENT_TARGET = 11.3;
				MTL_ENABLE_DEBUG_INFO = NO;
				MTL_FAST_MATH = YES;
				SDKROOT = macosx;
				SWIFT_COMPILATION_MODE = wholemodule;
				SWIFT_OPTIMIZATION_LEVEL = "-O";
			};
			name = Release;
		};
		5C8B9E59269553ED00A0C48B /* Debug */ = {
			isa = XCBuildConfiguration;
			baseConfigurationReference = 755FF35B6E48696555A8BA0A /* Pods-RxSwiftQuiz.debug.xcconfig */;
			buildSettings = {
				ASSETCATALOG_COMPILER_APPICON_NAME = AppIcon;
				ASSETCATALOG_COMPILER_GLOBAL_ACCENT_COLOR_NAME = AccentColor;
				CODE_SIGN_ENTITLEMENTS = RxSwiftQuiz/RxSwiftQuiz.entitlements;
				CODE_SIGN_STYLE = Manual;
				COMBINE_HIDPI_IMAGES = YES;
				DEVELOPMENT_TEAM = "";
				ENABLE_HARDENED_RUNTIME = YES;
				INFOPLIST_FILE = RxSwiftQuiz/Info.plist;
				LD_RUNPATH_SEARCH_PATHS = (
					"$(inherited)",
					"@executable_path/../Frameworks",
				);
				PRODUCT_BUNDLE_IDENTIFIER = dev.mironal.RxSwiftQuiz;
				PRODUCT_NAME = "$(TARGET_NAME)";
				PROVISIONING_PROFILE_SPECIFIER = "";
				SWIFT_VERSION = 5.0;
			};
			name = Debug;
		};
		5C8B9E5A269553ED00A0C48B /* Release */ = {
			isa = XCBuildConfiguration;
			baseConfigurationReference = 2B32E06E03FC89C7DF194D80 /* Pods-RxSwiftQuiz.release.xcconfig */;
			buildSettings = {
				ASSETCATALOG_COMPILER_APPICON_NAME = AppIcon;
				ASSETCATALOG_COMPILER_GLOBAL_ACCENT_COLOR_NAME = AccentColor;
				CODE_SIGN_ENTITLEMENTS = RxSwiftQuiz/RxSwiftQuiz.entitlements;
				CODE_SIGN_STYLE = Manual;
				COMBINE_HIDPI_IMAGES = YES;
				DEVELOPMENT_TEAM = "";
				ENABLE_HARDENED_RUNTIME = YES;
				INFOPLIST_FILE = RxSwiftQuiz/Info.plist;
				LD_RUNPATH_SEARCH_PATHS = (
					"$(inherited)",
					"@executable_path/../Frameworks",
				);
				PRODUCT_BUNDLE_IDENTIFIER = dev.mironal.RxSwiftQuiz;
				PRODUCT_NAME = "$(TARGET_NAME)";
				PROVISIONING_PROFILE_SPECIFIER = "";
				SWIFT_VERSION = 5.0;
			};
			name = Release;
		};
		5C8B9E5C269553ED00A0C48B /* Debug */ = {
			isa = XCBuildConfiguration;
			baseConfigurationReference = 9061AAF619F4FD13FF28EF0C /* Pods-RxSwiftQuizTests.debug.xcconfig */;
			buildSettings = {
				ALWAYS_EMBED_SWIFT_STANDARD_LIBRARIES = YES;
				CODE_SIGN_IDENTITY = "-";
				CODE_SIGN_STYLE = Manual;
				COMBINE_HIDPI_IMAGES = YES;
				DEVELOPMENT_TEAM = "";
				INFOPLIST_FILE = RxSwiftQuizTests/Info.plist;
				LD_RUNPATH_SEARCH_PATHS = (
					"$(inherited)",
					"@executable_path/../Frameworks",
					"@loader_path/../Frameworks",
				);
				MACOSX_DEPLOYMENT_TARGET = 11.3;
				PRODUCT_BUNDLE_IDENTIFIER = dev.mironal.RxSwiftQuizTests;
				PRODUCT_NAME = "$(TARGET_NAME)";
				PROVISIONING_PROFILE_SPECIFIER = "";
				SWIFT_VERSION = 5.0;
				TEST_HOST = "$(BUILT_PRODUCTS_DIR)/RxSwiftQuiz.app/Contents/MacOS/RxSwiftQuiz";
			};
			name = Debug;
		};
		5C8B9E5D269553ED00A0C48B /* Release */ = {
			isa = XCBuildConfiguration;
			baseConfigurationReference = A223B68F532801923643C90E /* Pods-RxSwiftQuizTests.release.xcconfig */;
			buildSettings = {
				ALWAYS_EMBED_SWIFT_STANDARD_LIBRARIES = YES;
				CODE_SIGN_IDENTITY = "-";
				CODE_SIGN_STYLE = Manual;
				COMBINE_HIDPI_IMAGES = YES;
				DEVELOPMENT_TEAM = "";
				INFOPLIST_FILE = RxSwiftQuizTests/Info.plist;
				LD_RUNPATH_SEARCH_PATHS = (
					"$(inherited)",
					"@executable_path/../Frameworks",
					"@loader_path/../Frameworks",
				);
				MACOSX_DEPLOYMENT_TARGET = 11.3;
				PRODUCT_BUNDLE_IDENTIFIER = dev.mironal.RxSwiftQuizTests;
				PRODUCT_NAME = "$(TARGET_NAME)";
				PROVISIONING_PROFILE_SPECIFIER = "";
				SWIFT_VERSION = 5.0;
				TEST_HOST = "$(BUILT_PRODUCTS_DIR)/RxSwiftQuiz.app/Contents/MacOS/RxSwiftQuiz";
			};
			name = Release;
		};
/* End XCBuildConfiguration section */

/* Begin XCConfigurationList section */
		5C8B9E2D269553EC00A0C48B /* Build configuration list for PBXProject "RxSwiftQuiz" */ = {
			isa = XCConfigurationList;
			buildConfigurations = (
				5C8B9E56269553ED00A0C48B /* Debug */,
				5C8B9E57269553ED00A0C48B /* Release */,
			);
			defaultConfigurationIsVisible = 0;
			defaultConfigurationName = Release;
		};
		5C8B9E58269553ED00A0C48B /* Build configuration list for PBXNativeTarget "RxSwiftQuiz" */ = {
			isa = XCConfigurationList;
			buildConfigurations = (
				5C8B9E59269553ED00A0C48B /* Debug */,
				5C8B9E5A269553ED00A0C48B /* Release */,
			);
			defaultConfigurationIsVisible = 0;
			defaultConfigurationName = Release;
		};
		5C8B9E5B269553ED00A0C48B /* Build configuration list for PBXNativeTarget "RxSwiftQuizTests" */ = {
			isa = XCConfigurationList;
			buildConfigurations = (
				5C8B9E5C269553ED00A0C48B /* Debug */,
				5C8B9E5D269553ED00A0C48B /* Release */,
			);
			defaultConfigurationIsVisible = 0;
			defaultConfigurationName = Release;
		};
/* End XCConfigurationList section */
	};
	rootObject = 5C8B9E2A269553EC00A0C48B /* Project object */;
}
